
Microsoft Visual Studio Solution File, Format Version 12.00
# Visual Studio Version 17
VisualStudioVersion = 17.4.33213.308
MinimumVisualStudioVersion = 10.0.40219.1
Project("{9A19103F-16F7-4668-BE54-9A1E7A4F7556}") = "FolderScanner", "FolderScanner\FolderScanner.csproj", "{C43F175A-E0EB-415C-ADD5-61EB0D6513F5}"
EndProject
Project("{E53339B2-1760-4266-BCC7-CA923CBCF16C}") = "docker-compose", "docker-compose.dcproj", "{C42527E7-D2E5-4F74-8419-43578D53A94A}"
EndProject
Global
	GlobalSection(SolutionConfigurationPlatforms) = preSolution
		Debug|Any CPU = Debug|Any CPU
		Release|Any CPU = Release|Any CPU
	EndGlobalSection
	GlobalSection(ProjectConfigurationPlatforms) = postSolution
		{C43F175A-E0EB-415C-ADD5-61EB0D6513F5}.Debug|Any CPU.ActiveCfg = Debug|Any CPU
		{C43F175A-E0EB-415C-ADD5-61EB0D6513F5}.Debug|Any CPU.Build.0 = Debug|Any CPU
		{C43F175A-E0EB-415C-ADD5-61EB0D6513F5}.Release|Any CPU.ActiveCfg = Release|Any CPU
		{C43F175A-E0EB-415C-ADD5-61EB0D6513F5}.Release|Any CPU.Build.0 = Release|Any CPU
		{C42527E7-D2E5-4F74-8419-43578D53A94A}.Debug|Any CPU.ActiveCfg = Debug|Any CPU
		{C42527E7-D2E5-4F74-8419-43578D53A94A}.Debug|Any CPU.Build.0 = Debug|Any CPU
		{C42527E7-D2E5-4F74-8419-43578D53A94A}.Release|Any CPU.ActiveCfg = Release|Any CPU
		{C42527E7-D2E5-4F74-8419-43578D53A94A}.Release|Any CPU.Build.0 = Release|Any CPU
	EndGlobalSection
	GlobalSection(SolutionProperties) = preSolution
		HideSolutionNode = FALSE
	EndGlobalSection
	GlobalSection(ExtensibilityGlobals) = postSolution
		SolutionGuid = {2A69501E-494D-4F19-95E7-51EDD9951DCB}
	EndGlobalSection
EndGlobal
